{
  "name": "angular-rsocket",
  "version": "0.0.1",
  "lockfileVersion": 3,
  "requires": true,
  "packages": {
    "": {
      "name": "angular-rsocket",
      "version": "0.0.1",
      "dependencies": {
        "rsocket-core": "^0.0.29-alpha.0",
        "rsocket-websocket-client": "^0.0.29-alpha.0",
        "tslib": "^2.3.0"
      },
      "devDependencies": {
        "@types/rsocket-core": "^0.0.11",
        "@types/rsocket-websocket-client": "^0.0.7"
      },
      "peerDependencies": {
        "@angular/common": "^18.2.0",
        "@angular/core": "^18.2.0"
      }
    },
    "node_modules/@angular/common": {
      "version": "18.2.8",
      "resolved": "https://registry.npmjs.org/@angular/common/-/common-18.2.8.tgz",
      "integrity": "sha512-TYsKtE5nVaIScWSLGSO34Skc+s3hB/BujSddnfQHoNFvPT/WR0dfmdlpVCTeLj+f50htFoMhW11tW99PbK+whQ==",
      "license": "MIT",
      "peer": true,
      "dependencies": {
        "tslib": "^2.3.0"
      },
      "engines": {
        "node": "^18.19.1 || ^20.11.1 || >=22.0.0"
      },
      "peerDependencies": {
        "@angular/core": "18.2.8",
        "rxjs": "^6.5.3 || ^7.4.0"
      }
    },
    "node_modules/@angular/core": {
      "version": "18.2.8",
      "resolved": "https://registry.npmjs.org/@angular/core/-/core-18.2.8.tgz",
      "integrity": "sha512-NwIuX/Iby1jT6Iv1/s6S3wOFf8xfuQR3MPGvKhGgNtjXLbHG+TXceK9+QPZC0s9/Z8JR/hz+li34B79GrIKgUg==",
      "license": "MIT",
      "peer": true,
      "dependencies": {
        "tslib": "^2.3.0"
      },
      "engines": {
        "node": "^18.19.1 || ^20.11.1 || >=22.0.0"
      },
      "peerDependencies": {
        "rxjs": "^6.5.3 || ^7.4.0",
        "zone.js": "~0.14.10"
      }
    },
    "node_modules/@types/node": {
      "version": "22.7.5",
      "resolved": "https://registry.npmjs.org/@types/node/-/node-22.7.5.tgz",
      "integrity": "sha512-jML7s2NAzMWc//QSJ1a3prpk78cOPchGvXJsC3C6R6PSMoooztvRVQEz89gmBTBY1SPMaqo5teB4uNHPdetShQ==",
      "dev": true,
      "license": "MIT",
      "dependencies": {
        "undici-types": "~6.19.2"
      }
    },
    "node_modules/@types/rsocket-core": {
      "version": "0.0.11",
      "resolved": "https://registry.npmjs.org/@types/rsocket-core/-/rsocket-core-0.0.11.tgz",
      "integrity": "sha512-hCM5786b0OIwEfyMgM2EepnZaNZNp4be8NFwB+ilFyGDJDizhgog80e3tw/Os2sdd5ky8aIRTGeOFSZXXmNUrA==",
      "dev": true,
      "license": "MIT",
      "dependencies": {
        "@types/node": "*",
        "@types/rsocket-flowable": "*",
        "@types/rsocket-types": "*"
      }
    },
    "node_modules/@types/rsocket-flowable": {
      "version": "0.0.8",
      "resolved": "https://registry.npmjs.org/@types/rsocket-flowable/-/rsocket-flowable-0.0.8.tgz",
      "integrity": "sha512-It+fbW3fiUJLsL1IkvWL8K18gt4oMpXGgjbSA3hhRLdnkPlBCCqpPzT4WlD8rQtojSoer6bcSVjqQQQQCds+fQ==",
      "dev": true,
      "license": "MIT",
      "dependencies": {
        "@types/rsocket-types": "*"
      }
    },
    "node_modules/@types/rsocket-types": {
      "version": "0.0.6",
      "resolved": "https://registry.npmjs.org/@types/rsocket-types/-/rsocket-types-0.0.6.tgz",
      "integrity": "sha512-l9ZKGUc9OWcF0BJvhl3d6nFEVudOeB4BVrXupu+oOYQWYPNGARSTMrw9ZzBQsRR+PKZvGevpQLTPY17n80Cgsg==",
      "dev": true,
      "license": "MIT",
      "dependencies": {
        "@types/node": "*",
        "@types/rsocket-flowable": "*"
      }
    },
    "node_modules/@types/rsocket-websocket-client": {
      "version": "0.0.7",
      "resolved": "https://registry.npmjs.org/@types/rsocket-websocket-client/-/rsocket-websocket-client-0.0.7.tgz",
      "integrity": "sha512-G4j1P4T67hDyV8Ah1ooqqfy0YV0DqVi4s60BjB4gtQIcZPY6d4AA9Ld2T+1iUEQQCTugkoQkt50mKWB2RwPyvA==",
      "dev": true,
      "license": "MIT",
      "dependencies": {
        "@types/rsocket-core": "*",
        "@types/rsocket-flowable": "*",
        "@types/rsocket-types": "*"
      }
    },
    "node_modules/rsocket-core": {
      "version": "0.0.29-alpha.0",
      "resolved": "https://registry.npmjs.org/rsocket-core/-/rsocket-core-0.0.29-alpha.0.tgz",
      "integrity": "sha512-P96lPXGDIrapVWOfmLXV0mN7+zzhZnZAB/XG33Oy7jKPdEIgU09dnjUaVqePdAdAKZYF7LTUQl7TiwCkjfK5Gw==",
      "license": "BSD-3-Clause",
      "dependencies": {
        "rsocket-flowable": "^0.0.29-alpha.0",
        "rsocket-types": "^0.0.29-alpha.0"
      }
    },
    "node_modules/rsocket-flowable": {
      "version": "0.0.29-alpha.0",
      "resolved": "https://registry.npmjs.org/rsocket-flowable/-/rsocket-flowable-0.0.29-alpha.0.tgz",
      "integrity": "sha512-f+W6lj+WNg7yucUOTs5RxeUvefnUYbYTEzNWTaZcVfA39lKS93YYtAjQQ2jKmxUjO14rocaxMrQpl6HiwkADHQ==",
      "license": "BSD-3-Clause"
    },
    "node_modules/rsocket-types": {
      "version": "0.0.29-alpha.0",
      "resolved": "https://registry.npmjs.org/rsocket-types/-/rsocket-types-0.0.29-alpha.0.tgz",
      "integrity": "sha512-zbcJDty+bgEVKebjEO8Ud1FHyobW5n7kK/SsOdwBkBF4wuomEKJr/xxR5Y78tVptU9bBPxo/j+l19NoX6MQIgQ==",
      "license": "BSD-3-Clause",
      "dependencies": {
        "rsocket-flowable": "^0.0.29-alpha.0"
      }
    },
    "node_modules/rsocket-websocket-client": {
      "version": "0.0.29-alpha.0",
      "resolved": "https://registry.npmjs.org/rsocket-websocket-client/-/rsocket-websocket-client-0.0.29-alpha.0.tgz",
      "integrity": "sha512-4C9YFM3AtIvntHNNtWENiSfDy7AoV1ImJBd1csQc0pWBgN+FkqackyJNm2yDEX6bVLDYtisr6PJQ+j3TcUztPw==",
      "license": "BSD-3-Clause",
      "dependencies": {
        "rsocket-core": "^0.0.29-alpha.0",
        "rsocket-flowable": "^0.0.29-alpha.0",
        "rsocket-types": "^0.0.29-alpha.0"
      }
    },
    "node_modules/rxjs": {
      "version": "7.8.1",
      "resolved": "https://registry.npmjs.org/rxjs/-/rxjs-7.8.1.tgz",
      "integrity": "sha512-AA3TVj+0A2iuIoQkWEK/tqFjBq2j+6PO6Y0zJcvzLAFhEFIO3HL0vls9hWLncZbAAbK0mar7oZ4V079I/qPMxg==",
      "license": "Apache-2.0",
      "peer": true,
      "dependencies": {
        "tslib": "^2.1.0"
      }
    },
    "node_modules/tslib": {
      "version": "2.7.0",
      "resolved": "https://registry.npmjs.org/tslib/-/tslib-2.7.0.tgz",
      "integrity": "sha512-gLXCKdN1/j47AiHiOkJN69hJmcbGTHI0ImLmbYLHykhgeN0jVGola9yVjFgzCUklsZQMW55o+dW7IXv3RCXDzA==",
      "license": "0BSD"
    },
    "node_modules/undici-types": {
      "version": "6.19.8",
      "resolved": "https://registry.npmjs.org/undici-types/-/undici-types-6.19.8.tgz",
      "integrity": "sha512-ve2KP6f/JnbPBFyobGHuerC9g1FYGn/F8n1LWTwNxCEzd6IfqTwUQcNXgEtmmQ6DlRrC1hrSrBnCZPokRrDHjw==",
      "dev": true,
      "license": "MIT"
    },
    "node_modules/zone.js": {
      "version": "0.14.10",
      "resolved": "https://registry.npmjs.org/zone.js/-/zone.js-0.14.10.tgz",
      "integrity": "sha512-YGAhaO7J5ywOXW6InXNlLmfU194F8lVgu7bRntUF3TiG8Y3nBK0x1UJJuHUP/e8IyihkjCYqhCScpSwnlaSRkQ==",
      "license": "MIT",
      "peer": true
    }
  }
}
